
Microsoft Visual Studio Solution File, Format Version 12.00
# Visual Studio Version 17
VisualStudioVersion = 17.0.31903.59
MinimumVisualStudioVersion = 10.0.40219.1
Project("{FAE04EC0-301F-11D3-BF4B-00C04F79EFBC}") = "IntelliPrep.API", "IntelliPrep.API\IntelliPrep.API.csproj", "{B7BD06FF-CB7C-4BA6-87CF-27BA0D4958A5}"
EndProject
Project("{FAE04EC0-301F-11D3-BF4B-00C04F79EFBC}") = "IntelliPrep.Tests", "IntelliPrep.Tests\IntelliPrep.Tests.csproj", "{DAC290AB-B957-4BE8-8E65-E3B85E4091F8}"
EndProject
Global
	GlobalSection(SolutionConfigurationPlatforms) = preSolution
		Debug|Any CPU = Debug|Any CPU
		Release|Any CPU = Release|Any CPU
	EndGlobalSection
	GlobalSection(SolutionProperties) = preSolution
		HideSolutionNode = FALSE
	EndGlobalSection
	GlobalSection(ProjectConfigurationPlatforms) = postSolution
		{B7BD06FF-CB7C-4BA6-87CF-27BA0D4958A5}.Debug|Any CPU.ActiveCfg = Debug|Any CPU
		{B7BD06FF-CB7C-4BA6-87CF-27BA0D4958A5}.Debug|Any CPU.Build.0 = Debug|Any CPU
		{B7BD06FF-CB7C-4BA6-87CF-27BA0D4958A5}.Release|Any CPU.ActiveCfg = Release|Any CPU
		{B7BD06FF-CB7C-4BA6-87CF-27BA0D4958A5}.Release|Any CPU.Build.0 = Release|Any CPU
		{DAC290AB-B957-4BE8-8E65-E3B85E4091F8}.Debug|Any CPU.ActiveCfg = Debug|Any CPU
		{DAC290AB-B957-4BE8-8E65-E3B85E4091F8}.Debug|Any CPU.Build.0 = Debug|Any CPU
		{DAC290AB-B957-4BE8-8E65-E3B85E4091F8}.Release|Any CPU.ActiveCfg = Release|Any CPU
		{DAC290AB-B957-4BE8-8E65-E3B85E4091F8}.Release|Any CPU.Build.0 = Release|Any CPU
	EndGlobalSection
EndGlobal
